
Microsoft Visual Studio Solution File, Format Version 12.00
# Visual Studio Version 17
VisualStudioVersion = 17.0.31903.59
MinimumVisualStudioVersion = 10.0.40219.1
Project("{2150E333-8FDC-42A3-9474-1A3956D46DE8}") = "src", "src", "{86A0CA00-7D44-47D8-8C99-5EF01CF9D20E}"
EndProject
Project("{2150E333-8FDC-42A3-9474-1A3956D46DE8}") = "tests", "tests", "{5BD89656-1DC0-430B-9BBC-CD01383D3EC4}"
EndProject
Project("{2150E333-8FDC-42A3-9474-1A3956D46DE8}") = "Solution Items", "Solution Items", "{746C1B21-F7A4-4B61-A9A7-F87A5AECE994}"
	ProjectSection(SolutionItems) = preProject
		README.md = README.md
	EndProjectSection
EndProject
Project("{2150E333-8FDC-42A3-9474-1A3956D46DE8}") = "Service1", "Service1", "{0EC2EB8C-A926-4A46-A799-4F84561B924C}"
EndProject
Project("{FAE04EC0-301F-11D3-BF4B-00C04F79EFBC}") = "Service1.Api", "Service1.Api\Service1.Api.csproj", "{D1710188-FC87-44A3-86D6-9D8DA4EF869C}"
EndProject
Project("{FAE04EC0-301F-11D3-BF4B-00C04F79EFBC}") = "Service1.Domain", "Service1.Domain\Service1.Domain.csproj", "{3F59B052-7585-4353-A9FC-25FF83341A39}"
EndProject
Project("{FAE04EC0-301F-11D3-BF4B-00C04F79EFBC}") = "Service1.Infrastructure", "Service1.Infrastructure\Service1.Infrastructure.csproj", "{712F1936-A7F7-48D3-AE33-142111B11D5C}"
EndProject
Project("{FAE04EC0-301F-11D3-BF4B-00C04F79EFBC}") = "Service1.Messaging", "Service1.Messaging\Service1.Messaging.csproj", "{5EBC2506-D825-46E4-A350-E901AC929091}"
EndProject
Project("{2150E333-8FDC-42A3-9474-1A3956D46DE8}") = "Service2", "Service2", "{F28EEB6E-559B-4C5C-8322-57DAFFB12C20}"
EndProject
Project("{FAE04EC0-301F-11D3-BF4B-00C04F79EFBC}") = "Service2.Domain", "Service2.Domain\Service2.Domain.csproj", "{CCF57202-761A-4408-89ED-62AB01EFD871}"
EndProject
Project("{FAE04EC0-301F-11D3-BF4B-00C04F79EFBC}") = "Service2.Infrastructure", "Service2.Infrastructure\Service2.Infrastructure.csproj", "{87DCFF64-3B32-4B46-8DF2-BE2B24C81D62}"
EndProject
Project("{FAE04EC0-301F-11D3-BF4B-00C04F79EFBC}") = "Service2.Messaging", "Service2.Messaging\Service2.Messaging.csproj", "{E330630C-72C9-46A6-8DF2-79B4EF6D20E1}"
EndProject
Project("{FAE04EC0-301F-11D3-BF4B-00C04F79EFBC}") = "Service2.Api", "Service2.Api\Service2.Api.csproj", "{6D7C2352-0BA5-498D-9E1F-254368FAE8A0}"
EndProject
Project("{FAE04EC0-301F-11D3-BF4B-00C04F79EFBC}") = "Shared", "Shared\Shared.csproj", "{D99D0320-7C5D-4E6E-A11B-E70F256E0EBF}"
EndProject
Project("{FAE04EC0-301F-11D3-BF4B-00C04F79EFBC}") = "Service1.Tests", "Service1.Tests\Service1.Tests.csproj", "{D5579060-76DF-4304-9AA5-3C73FB31F8E4}"
EndProject
Project("{FAE04EC0-301F-11D3-BF4B-00C04F79EFBC}") = "Service2.Tests", "Service2.Tests\Service2.Tests.csproj", "{8D6A5527-72BD-4DD8-99DD-28DAB8A52EAE}"
EndProject
Project("{FAE04EC0-301F-11D3-BF4B-00C04F79EFBC}") = "Shared.Tests", "Shared.Tests\Shared.Tests.csproj", "{DAC70B95-1BA7-4712-AEC5-BFC026709500}"
EndProject
Global
	GlobalSection(SolutionConfigurationPlatforms) = preSolution
		Debug|Any CPU = Debug|Any CPU
		Release|Any CPU = Release|Any CPU
	EndGlobalSection
	GlobalSection(ProjectConfigurationPlatforms) = postSolution
		{D1710188-FC87-44A3-86D6-9D8DA4EF869C}.Debug|Any CPU.ActiveCfg = Debug|Any CPU
		{D1710188-FC87-44A3-86D6-9D8DA4EF869C}.Debug|Any CPU.Build.0 = Debug|Any CPU
		{D1710188-FC87-44A3-86D6-9D8DA4EF869C}.Release|Any CPU.ActiveCfg = Release|Any CPU
		{D1710188-FC87-44A3-86D6-9D8DA4EF869C}.Release|Any CPU.Build.0 = Release|Any CPU
		{3F59B052-7585-4353-A9FC-25FF83341A39}.Debug|Any CPU.ActiveCfg = Debug|Any CPU
		{3F59B052-7585-4353-A9FC-25FF83341A39}.Debug|Any CPU.Build.0 = Debug|Any CPU
		{3F59B052-7585-4353-A9FC-25FF83341A39}.Release|Any CPU.ActiveCfg = Release|Any CPU
		{3F59B052-7585-4353-A9FC-25FF83341A39}.Release|Any CPU.Build.0 = Release|Any CPU
		{712F1936-A7F7-48D3-AE33-142111B11D5C}.Debug|Any CPU.ActiveCfg = Debug|Any CPU
		{712F1936-A7F7-48D3-AE33-142111B11D5C}.Debug|Any CPU.Build.0 = Debug|Any CPU
		{712F1936-A7F7-48D3-AE33-142111B11D5C}.Release|Any CPU.ActiveCfg = Release|Any CPU
		{712F1936-A7F7-48D3-AE33-142111B11D5C}.Release|Any CPU.Build.0 = Release|Any CPU
		{5EBC2506-D825-46E4-A350-E901AC929091}.Debug|Any CPU.ActiveCfg = Debug|Any CPU
		{5EBC2506-D825-46E4-A350-E901AC929091}.Debug|Any CPU.Build.0 = Debug|Any CPU
		{5EBC2506-D825-46E4-A350-E901AC929091}.Release|Any CPU.ActiveCfg = Release|Any CPU
		{5EBC2506-D825-46E4-A350-E901AC929091}.Release|Any CPU.Build.0 = Release|Any CPU
		{CCF57202-761A-4408-89ED-62AB01EFD871}.Debug|Any CPU.ActiveCfg = Debug|Any CPU
		{CCF57202-761A-4408-89ED-62AB01EFD871}.Debug|Any CPU.Build.0 = Debug|Any CPU
		{CCF57202-761A-4408-89ED-62AB01EFD871}.Release|Any CPU.ActiveCfg = Release|Any CPU
		{CCF57202-761A-4408-89ED-62AB01EFD871}.Release|Any CPU.Build.0 = Release|Any CPU
		{87DCFF64-3B32-4B46-8DF2-BE2B24C81D62}.Debug|Any CPU.ActiveCfg = Debug|Any CPU
		{87DCFF64-3B32-4B46-8DF2-BE2B24C81D62}.Debug|Any CPU.Build.0 = Debug|Any CPU
		{87DCFF64-3B32-4B46-8DF2-BE2B24C81D62}.Release|Any CPU.ActiveCfg = Release|Any CPU
		{87DCFF64-3B32-4B46-8DF2-BE2B24C81D62}.Release|Any CPU.Build.0 = Release|Any CPU
		{E330630C-72C9-46A6-8DF2-79B4EF6D20E1}.Debug|Any CPU.ActiveCfg = Debug|Any CPU
		{E330630C-72C9-46A6-8DF2-79B4EF6D20E1}.Debug|Any CPU.Build.0 = Debug|Any CPU
		{E330630C-72C9-46A6-8DF2-79B4EF6D20E1}.Release|Any CPU.ActiveCfg = Release|Any CPU
		{E330630C-72C9-46A6-8DF2-79B4EF6D20E1}.Release|Any CPU.Build.0 = Release|Any CPU
		{6D7C2352-0BA5-498D-9E1F-254368FAE8A0}.Debug|Any CPU.ActiveCfg = Debug|Any CPU
		{6D7C2352-0BA5-498D-9E1F-254368FAE8A0}.Debug|Any CPU.Build.0 = Debug|Any CPU
		{6D7C2352-0BA5-498D-9E1F-254368FAE8A0}.Release|Any CPU.ActiveCfg = Release|Any CPU
		{6D7C2352-0BA5-498D-9E1F-254368FAE8A0}.Release|Any CPU.Build.0 = Release|Any CPU
		{D99D0320-7C5D-4E6E-A11B-E70F256E0EBF}.Debug|Any CPU.ActiveCfg = Debug|Any CPU
		{D99D0320-7C5D-4E6E-A11B-E70F256E0EBF}.Debug|Any CPU.Build.0 = Debug|Any CPU
		{D99D0320-7C5D-4E6E-A11B-E70F256E0EBF}.Release|Any CPU.ActiveCfg = Release|Any CPU
		{D99D0320-7C5D-4E6E-A11B-E70F256E0EBF}.Release|Any CPU.Build.0 = Release|Any CPU
		{D5579060-76DF-4304-9AA5-3C73FB31F8E4}.Debug|Any CPU.ActiveCfg = Debug|Any CPU
		{D5579060-76DF-4304-9AA5-3C73FB31F8E4}.Debug|Any CPU.Build.0 = Debug|Any CPU
		{D5579060-76DF-4304-9AA5-3C73FB31F8E4}.Release|Any CPU.ActiveCfg = Release|Any CPU
		{D5579060-76DF-4304-9AA5-3C73FB31F8E4}.Release|Any CPU.Build.0 = Release|Any CPU
		{8D6A5527-72BD-4DD8-99DD-28DAB8A52EAE}.Debug|Any CPU.ActiveCfg = Debug|Any CPU
		{8D6A5527-72BD-4DD8-99DD-28DAB8A52EAE}.Debug|Any CPU.Build.0 = Debug|Any CPU
		{8D6A5527-72BD-4DD8-99DD-28DAB8A52EAE}.Release|Any CPU.ActiveCfg = Release|Any CPU
		{8D6A5527-72BD-4DD8-99DD-28DAB8A52EAE}.Release|Any CPU.Build.0 = Release|Any CPU
		{DAC70B95-1BA7-4712-AEC5-BFC026709500}.Debug|Any CPU.ActiveCfg = Debug|Any CPU
		{DAC70B95-1BA7-4712-AEC5-BFC026709500}.Debug|Any CPU.Build.0 = Debug|Any CPU
		{DAC70B95-1BA7-4712-AEC5-BFC026709500}.Release|Any CPU.ActiveCfg = Release|Any CPU
		{DAC70B95-1BA7-4712-AEC5-BFC026709500}.Release|Any CPU.Build.0 = Release|Any CPU
	EndGlobalSection
	GlobalSection(SolutionProperties) = preSolution
		HideSolutionNode = FALSE
	EndGlobalSection
	GlobalSection(NestedProjects) = preSolution
		{0EC2EB8C-A926-4A46-A799-4F84561B924C} = {86A0CA00-7D44-47D8-8C99-5EF01CF9D20E}
		{D1710188-FC87-44A3-86D6-9D8DA4EF869C} = {0EC2EB8C-A926-4A46-A799-4F84561B924C}
		{3F59B052-7585-4353-A9FC-25FF83341A39} = {0EC2EB8C-A926-4A46-A799-4F84561B924C}
		{712F1936-A7F7-48D3-AE33-142111B11D5C} = {0EC2EB8C-A926-4A46-A799-4F84561B924C}
		{5EBC2506-D825-46E4-A350-E901AC929091} = {0EC2EB8C-A926-4A46-A799-4F84561B924C}
		{F28EEB6E-559B-4C5C-8322-57DAFFB12C20} = {86A0CA00-7D44-47D8-8C99-5EF01CF9D20E}
		{CCF57202-761A-4408-89ED-62AB01EFD871} = {F28EEB6E-559B-4C5C-8322-57DAFFB12C20}
		{87DCFF64-3B32-4B46-8DF2-BE2B24C81D62} = {F28EEB6E-559B-4C5C-8322-57DAFFB12C20}
		{E330630C-72C9-46A6-8DF2-79B4EF6D20E1} = {F28EEB6E-559B-4C5C-8322-57DAFFB12C20}
		{6D7C2352-0BA5-498D-9E1F-254368FAE8A0} = {F28EEB6E-559B-4C5C-8322-57DAFFB12C20}
		{D99D0320-7C5D-4E6E-A11B-E70F256E0EBF} = {86A0CA00-7D44-47D8-8C99-5EF01CF9D20E}
		{D5579060-76DF-4304-9AA5-3C73FB31F8E4} = {5BD89656-1DC0-430B-9BBC-CD01383D3EC4}
		{8D6A5527-72BD-4DD8-99DD-28DAB8A52EAE} = {5BD89656-1DC0-430B-9BBC-CD01383D3EC4}
		{DAC70B95-1BA7-4712-AEC5-BFC026709500} = {5BD89656-1DC0-430B-9BBC-CD01383D3EC4}
	EndGlobalSection
	GlobalSection(ExtensibilityGlobals) = postSolution
		SolutionGuid = {EABB9F2A-B360-4D95-90D0-F8734317E040}
	EndGlobalSection
EndGlobal
